
Microsoft Visual Studio Solution File, Format Version 12.00
# Visual Studio Version 16
VisualStudioVersion = 16.0.31702.278
MinimumVisualStudioVersion = 10.0.40219.1
Project("{FAE04EC0-301F-11D3-BF4B-00C04F79EFBC}") = "Entidades", "Entidades\Entidades.csproj", "{BB8656FA-39FB-4479-A64F-1635C31B95FA}"
EndProject
Project("{FAE04EC0-301F-11D3-BF4B-00C04F79EFBC}") = "MiCalculadora", "MiCalculadora\MiCalculadora.csproj", "{766CEE55-1CA4-4A16-8C4D-FBB3E665A621}"
EndProject
Global
	GlobalSection(SolutionConfigurationPlatforms) = preSolution
		Debug|Any CPU = Debug|Any CPU
		Release|Any CPU = Release|Any CPU
	EndGlobalSection
	GlobalSection(ProjectConfigurationPlatforms) = postSolution
		{BB8656FA-39FB-4479-A64F-1635C31B95FA}.Debug|Any CPU.ActiveCfg = Debug|Any CPU
		{BB8656FA-39FB-4479-A64F-1635C31B95FA}.Debug|Any CPU.Build.0 = Debug|Any CPU
		{BB8656FA-39FB-4479-A64F-1635C31B95FA}.Release|Any CPU.ActiveCfg = Release|Any CPU
		{BB8656FA-39FB-4479-A64F-1635C31B95FA}.Release|Any CPU.Build.0 = Release|Any CPU
		{766CEE55-1CA4-4A16-8C4D-FBB3E665A621}.Debug|Any CPU.ActiveCfg = Debug|Any CPU
		{766CEE55-1CA4-4A16-8C4D-FBB3E665A621}.Debug|Any CPU.Build.0 = Debug|Any CPU
		{766CEE55-1CA4-4A16-8C4D-FBB3E665A621}.Release|Any CPU.ActiveCfg = Release|Any CPU
		{766CEE55-1CA4-4A16-8C4D-FBB3E665A621}.Release|Any CPU.Build.0 = Release|Any CPU
	EndGlobalSection
	GlobalSection(SolutionProperties) = preSolution
		HideSolutionNode = FALSE
	EndGlobalSection
	GlobalSection(ExtensibilityGlobals) = postSolution
		SolutionGuid = {EAF9B3FE-DD6D-480E-8AF5-5F5D99058EA4}
	EndGlobalSection
EndGlobal
